{
  "name": "ISD",
  "lockfileVersion": 3,
  "requires": true,
  "packages": {
    "": {
      "dependencies": {
        
      }
    },
    "node_modules/@fontsource/be-vietnam": {
      "version": "4.5.2",
      "resolved": "https://registry.npmjs.org/@fontsource/be-vietnam/-/be-vietnam-4.5.2.tgz",
      "integrity": "sha512-SxgvlFy37KFfNbPLxRwE7mNQplmLQsWqzAp51jDdU0mif91rjnudSgVT+gJ30REIl1RsIe3NAiOCdwtqmep3xQ=="
    }
  }
}
